
Microsoft Visual Studio Solution File, Format Version 12.00
# Visual Studio 15
Project("{FAE04EC0-301F-11D3-BF4B-00C04F79EFBC}") = "Unity.Splines.Examples", "Unity.Splines.Examples.csproj", "{01535148-56AE-28CB-9974-B8F58DA9612B}"
EndProject
Project("{FAE04EC0-301F-11D3-BF4B-00C04F79EFBC}") = "Unity.Splines.Examples.Editor", "Unity.Splines.Examples.Editor.csproj", "{9D2CE0C0-20AE-B4FE-46E7-52453639178A}"
EndProject
Project("{FAE04EC0-301F-11D3-BF4B-00C04F79EFBC}") = "Assembly-CSharp", "Assembly-CSharp.csproj", "{0708ACDD-66B7-7706-E61F-A011F4A2CC7B}"
EndProject
Global
	GlobalSection(SolutionConfigurationPlatforms) = preSolution
		Debug|Any CPU = Debug|Any CPU
		Release|Any CPU = Release|Any CPU
	EndGlobalSection
	GlobalSection(ProjectConfigurationPlatforms) = postSolution
		{01535148-56AE-28CB-9974-B8F58DA9612B}.Debug|Any CPU.ActiveCfg = Debug|Any CPU
		{01535148-56AE-28CB-9974-B8F58DA9612B}.Debug|Any CPU.Build.0 = Debug|Any CPU
		{01535148-56AE-28CB-9974-B8F58DA9612B}.Release|Any CPU.ActiveCfg = Release|Any CPU
		{01535148-56AE-28CB-9974-B8F58DA9612B}.Release|Any CPU.Build.0 = Release|Any CPU
		{9D2CE0C0-20AE-B4FE-46E7-52453639178A}.Debug|Any CPU.ActiveCfg = Debug|Any CPU
		{9D2CE0C0-20AE-B4FE-46E7-52453639178A}.Debug|Any CPU.Build.0 = Debug|Any CPU
		{9D2CE0C0-20AE-B4FE-46E7-52453639178A}.Release|Any CPU.ActiveCfg = Release|Any CPU
		{9D2CE0C0-20AE-B4FE-46E7-52453639178A}.Release|Any CPU.Build.0 = Release|Any CPU
		{0708ACDD-66B7-7706-E61F-A011F4A2CC7B}.Debug|Any CPU.ActiveCfg = Debug|Any CPU
		{0708ACDD-66B7-7706-E61F-A011F4A2CC7B}.Debug|Any CPU.Build.0 = Debug|Any CPU
		{0708ACDD-66B7-7706-E61F-A011F4A2CC7B}.Release|Any CPU.ActiveCfg = Release|Any CPU
		{0708ACDD-66B7-7706-E61F-A011F4A2CC7B}.Release|Any CPU.Build.0 = Release|Any CPU
	EndGlobalSection
	GlobalSection(SolutionProperties) = preSolution
		HideSolutionNode = FALSE
	EndGlobalSection
EndGlobal
